Microsoft Visual Studio Solution File, Format Version 12.00
# Visual Studio Version 17
VisualStudioVersion = 17.0.31903.59
MinimumVisualStudioVersion = 10.0.40219.1
Project("{FAE04EC0-301F-11D3-BF4B-00C04F79EFBC}") = "COM3D25.PostEffects.Plugin", "COM3D25.PostEffects.Plugin\COM3D25.PostEffects.Plugin.csproj", "{8D4F2C7A-91B3-4E6D-A5C8-2F7E0B93D614}"
EndProject
Global
	GlobalSection(SolutionConfigurationPlatforms) = preSolution
		Debug|Any CPU = Debug|Any CPU
		Release|Any CPU = Release|Any CPU
	EndGlobalSection
	GlobalSection(ProjectConfigurationPlatforms) = postSolution
		{8D4F2C7A-91B3-4E6D-A5C8-2F7E0B93D614}.Debug|Any CPU.ActiveCfg = Debug|Any CPU
		{8D4F2C7A-91B3-4E6D-A5C8-2F7E0B93D614}.Debug|Any CPU.Build.0 = Debug|Any CPU
		{8D4F2C7A-91B3-4E6D-A5C8-2F7E0B93D614}.Release|Any CPU.ActiveCfg = Release|Any CPU
		{8D4F2C7A-91B3-4E6D-A5C8-2F7E0B93D614}.Release|Any CPU.Build.0 = Release|Any CPU
	EndGlobalSection
	GlobalSection(SolutionProperties) = preSolution
		HideSolutionNode = FALSE
	EndGlobalSection
EndGlobal
